
Microsoft Visual Studio Solution File, Format Version 12.00
# Visual Studio Version 16
VisualStudioVersion = 16.0.32126.315
MinimumVisualStudioVersion = 10.0.40219.1
Project("{FAE04EC0-301F-11D3-BF4B-00C04F79EFBC}") = "TPUM", "TPUM\TPUM.csproj", "{46D7131E-5D6B-4394-A53D-F1D78D517E6A}"
EndProject
Project("{9A19103F-16F7-4668-BE54-9A1E7A4F7556}") = "UnitTestProject", "UnitTestProject\UnitTestProject.csproj", "{4AF36032-350E-49E1-A82B-EFA3D99B87EC}"
EndProject
Project("{FAE04EC0-301F-11D3-BF4B-00C04F79EFBC}") = "Data", "Data\Data.csproj", "{CF6D9CA6-5E72-4F4D-9153-2EFDD7B2FAE9}"
EndProject
Project("{FAE04EC0-301F-11D3-BF4B-00C04F79EFBC}") = "View", "View\View.csproj", "{A0A1F130-AB6F-4998-944B-D873B6A6EABD}"
EndProject
Project("{FAE04EC0-301F-11D3-BF4B-00C04F79EFBC}") = "ViewModel", "ViewModel\ViewModel.csproj", "{B954FF30-59B1-4872-A63D-AA53F4D0073C}"
EndProject
Global
	GlobalSection(SolutionConfigurationPlatforms) = preSolution
		Debug|Any CPU = Debug|Any CPU
		Release|Any CPU = Release|Any CPU
	EndGlobalSection
	GlobalSection(ProjectConfigurationPlatforms) = postSolution
		{46D7131E-5D6B-4394-A53D-F1D78D517E6A}.Debug|Any CPU.ActiveCfg = Debug|Any CPU
		{46D7131E-5D6B-4394-A53D-F1D78D517E6A}.Debug|Any CPU.Build.0 = Debug|Any CPU
		{46D7131E-5D6B-4394-A53D-F1D78D517E6A}.Release|Any CPU.ActiveCfg = Release|Any CPU
		{46D7131E-5D6B-4394-A53D-F1D78D517E6A}.Release|Any CPU.Build.0 = Release|Any CPU
		{4AF36032-350E-49E1-A82B-EFA3D99B87EC}.Debug|Any CPU.ActiveCfg = Debug|Any CPU
		{4AF36032-350E-49E1-A82B-EFA3D99B87EC}.Debug|Any CPU.Build.0 = Debug|Any CPU
		{4AF36032-350E-49E1-A82B-EFA3D99B87EC}.Release|Any CPU.ActiveCfg = Release|Any CPU
		{4AF36032-350E-49E1-A82B-EFA3D99B87EC}.Release|Any CPU.Build.0 = Release|Any CPU
		{CF6D9CA6-5E72-4F4D-9153-2EFDD7B2FAE9}.Debug|Any CPU.ActiveCfg = Debug|Any CPU
		{CF6D9CA6-5E72-4F4D-9153-2EFDD7B2FAE9}.Debug|Any CPU.Build.0 = Debug|Any CPU
		{CF6D9CA6-5E72-4F4D-9153-2EFDD7B2FAE9}.Release|Any CPU.ActiveCfg = Release|Any CPU
		{CF6D9CA6-5E72-4F4D-9153-2EFDD7B2FAE9}.Release|Any CPU.Build.0 = Release|Any CPU
		{A0A1F130-AB6F-4998-944B-D873B6A6EABD}.Debug|Any CPU.ActiveCfg = Debug|Any CPU
		{A0A1F130-AB6F-4998-944B-D873B6A6EABD}.Debug|Any CPU.Build.0 = Debug|Any CPU
		{A0A1F130-AB6F-4998-944B-D873B6A6EABD}.Release|Any CPU.ActiveCfg = Release|Any CPU
		{A0A1F130-AB6F-4998-944B-D873B6A6EABD}.Release|Any CPU.Build.0 = Release|Any CPU
		{B954FF30-59B1-4872-A63D-AA53F4D0073C}.Debug|Any CPU.ActiveCfg = Debug|Any CPU
		{B954FF30-59B1-4872-A63D-AA53F4D0073C}.Debug|Any CPU.Build.0 = Debug|Any CPU
		{B954FF30-59B1-4872-A63D-AA53F4D0073C}.Release|Any CPU.ActiveCfg = Release|Any CPU
		{B954FF30-59B1-4872-A63D-AA53F4D0073C}.Release|Any CPU.Build.0 = Release|Any CPU
	EndGlobalSection
	GlobalSection(SolutionProperties) = preSolution
		HideSolutionNode = FALSE
	EndGlobalSection
	GlobalSection(ExtensibilityGlobals) = postSolution
		SolutionGuid = {025904D8-2074-4A7A-B6BC-BD2E8001C43C}
	EndGlobalSection
EndGlobal
